
Microsoft Visual Studio Solution File, Format Version 12.00
# Visual Studio Version 17
VisualStudioVersion = 17.14.36221.1 d17.14
MinimumVisualStudioVersion = 10.0.40219.1
Project("{8BC9CEB8-8B4A-11D0-8D11-00A0C91BC942}") = "250718_Proj_01", "250718_Proj_01\250718_Proj_01.vcxproj", "{618AFF74-C9BB-4F59-9617-355AC15C8671}"
EndProject
Project("{8BC9CEB8-8B4A-11D0-8D11-00A0C91BC942}") = "250718_Proj_02", "250718_Proj_02\250718_Proj_02.vcxproj", "{9DD83567-321F-4C01-B0C9-8B8462729998}"
EndProject
Project("{8BC9CEB8-8B4A-11D0-8D11-00A0C91BC942}") = "250718_Proj_03", "250718_Proj_03\250718_Proj_03.vcxproj", "{B4BD6C37-077D-416A-B5B0-084EF724D113}"
EndProject
Project("{8BC9CEB8-8B4A-11D0-8D11-00A0C91BC942}") = "250718_Proj_04", "250718_Proj_04\250718_Proj_04.vcxproj", "{3CD10085-8DD8-4771-9508-ADD88CF40FB0}"
EndProject
Global
	GlobalSection(SolutionConfigurationPlatforms) = preSolution
		Debug|x64 = Debug|x64
		Debug|x86 = Debug|x86
		Release|x64 = Release|x64
		Release|x86 = Release|x86
	EndGlobalSection
	GlobalSection(ProjectConfigurationPlatforms) = postSolution
		{618AFF74-C9BB-4F59-9617-355AC15C8671}.Debug|x64.ActiveCfg = Debug|x64
		{618AFF74-C9BB-4F59-9617-355AC15C8671}.Debug|x64.Build.0 = Debug|x64
		{618AFF74-C9BB-4F59-9617-355AC15C8671}.Debug|x86.ActiveCfg = Debug|Win32
		{618AFF74-C9BB-4F59-9617-355AC15C8671}.Debug|x86.Build.0 = Debug|Win32
		{618AFF74-C9BB-4F59-9617-355AC15C8671}.Release|x64.ActiveCfg = Release|x64
		{618AFF74-C9BB-4F59-9617-355AC15C8671}.Release|x64.Build.0 = Release|x64
		{618AFF74-C9BB-4F59-9617-355AC15C8671}.Release|x86.ActiveCfg = Release|Win32
		{618AFF74-C9BB-4F59-9617-355AC15C8671}.Release|x86.Build.0 = Release|Win32
		{9DD83567-321F-4C01-B0C9-8B8462729998}.Debug|x64.ActiveCfg = Debug|x64
		{9DD83567-321F-4C01-B0C9-8B8462729998}.Debug|x64.Build.0 = Debug|x64
		{9DD83567-321F-4C01-B0C9-8B8462729998}.Debug|x86.ActiveCfg = Debug|Win32
		{9DD83567-321F-4C01-B0C9-8B8462729998}.Debug|x86.Build.0 = Debug|Win32
		{9DD83567-321F-4C01-B0C9-8B8462729998}.Release|x64.ActiveCfg = Release|x64
		{9DD83567-321F-4C01-B0C9-8B8462729998}.Release|x64.Build.0 = Release|x64
		{9DD83567-321F-4C01-B0C9-8B8462729998}.Release|x86.ActiveCfg = Release|Win32
		{9DD83567-321F-4C01-B0C9-8B8462729998}.Release|x86.Build.0 = Release|Win32
		{B4BD6C37-077D-416A-B5B0-084EF724D113}.Debug|x64.ActiveCfg = Debug|x64
		{B4BD6C37-077D-416A-B5B0-084EF724D113}.Debug|x64.Build.0 = Debug|x64
		{B4BD6C37-077D-416A-B5B0-084EF724D113}.Debug|x86.ActiveCfg = Debug|Win32
		{B4BD6C37-077D-416A-B5B0-084EF724D113}.Debug|x86.Build.0 = Debug|Win32
		{B4BD6C37-077D-416A-B5B0-084EF724D113}.Release|x64.ActiveCfg = Release|x64
		{B4BD6C37-077D-416A-B5B0-084EF724D113}.Release|x64.Build.0 = Release|x64
		{B4BD6C37-077D-416A-B5B0-084EF724D113}.Release|x86.ActiveCfg = Release|Win32
		{B4BD6C37-077D-416A-B5B0-084EF724D113}.Release|x86.Build.0 = Release|Win32
		{3CD10085-8DD8-4771-9508-ADD88CF40FB0}.Debug|x64.ActiveCfg = Debug|x64
		{3CD10085-8DD8-4771-9508-ADD88CF40FB0}.Debug|x64.Build.0 = Debug|x64
		{3CD10085-8DD8-4771-9508-ADD88CF40FB0}.Debug|x86.ActiveCfg = Debug|Win32
		{3CD10085-8DD8-4771-9508-ADD88CF40FB0}.Debug|x86.Build.0 = Debug|Win32
		{3CD10085-8DD8-4771-9508-ADD88CF40FB0}.Release|x64.ActiveCfg = Release|x64
		{3CD10085-8DD8-4771-9508-ADD88CF40FB0}.Release|x64.Build.0 = Release|x64
		{3CD10085-8DD8-4771-9508-ADD88CF40FB0}.Release|x86.ActiveCfg = Release|Win32
		{3CD10085-8DD8-4771-9508-ADD88CF40FB0}.Release|x86.Build.0 = Release|Win32
	EndGlobalSection
	GlobalSection(SolutionProperties) = preSolution
		HideSolutionNode = FALSE
	EndGlobalSection
	GlobalSection(ExtensibilityGlobals) = postSolution
		SolutionGuid = {79E9783A-50A4-415F-808D-DDAE34C7C431}
	EndGlobalSection
EndGlobal
