
Microsoft Visual Studio Solution File, Format Version 12.00
# Visual Studio Version 17
VisualStudioVersion = 17.14.36221.1 d17.14
MinimumVisualStudioVersion = 10.0.40219.1
Project("{8BC9CEB8-8B4A-11D0-8D11-00A0C91BC942}") = "C_250716_01", "C_250716_01\C_250716_01.vcxproj", "{403C6DE8-150B-4152-A58D-F3C894BCD9D0}"
EndProject
Project("{8BC9CEB8-8B4A-11D0-8D11-00A0C91BC942}") = "C_250716_02", "C_250716_02\C_250716_02.vcxproj", "{0347173D-3579-4E9B-8CAB-B665A4E0D1F8}"
EndProject
Project("{8BC9CEB8-8B4A-11D0-8D11-00A0C91BC942}") = "C_250716_03", "C_250716_03\C_250716_03.vcxproj", "{230E87B4-D922-4AE0-BCC2-D62A33FD20C9}"
EndProject
Project("{8BC9CEB8-8B4A-11D0-8D11-00A0C91BC942}") = "C_250716_04", "C_250716_04\C_250716_04.vcxproj", "{55D5C7D9-F82B-407F-84B8-167F0407A203}"
EndProject
Global
	GlobalSection(SolutionConfigurationPlatforms) = preSolution
		Debug|x64 = Debug|x64
		Debug|x86 = Debug|x86
		Release|x64 = Release|x64
		Release|x86 = Release|x86
	EndGlobalSection
	GlobalSection(ProjectConfigurationPlatforms) = postSolution
		{403C6DE8-150B-4152-A58D-F3C894BCD9D0}.Debug|x64.ActiveCfg = Debug|x64
		{403C6DE8-150B-4152-A58D-F3C894BCD9D0}.Debug|x64.Build.0 = Debug|x64
		{403C6DE8-150B-4152-A58D-F3C894BCD9D0}.Debug|x86.ActiveCfg = Debug|Win32
		{403C6DE8-150B-4152-A58D-F3C894BCD9D0}.Debug|x86.Build.0 = Debug|Win32
		{403C6DE8-150B-4152-A58D-F3C894BCD9D0}.Release|x64.ActiveCfg = Release|x64
		{403C6DE8-150B-4152-A58D-F3C894BCD9D0}.Release|x64.Build.0 = Release|x64
		{403C6DE8-150B-4152-A58D-F3C894BCD9D0}.Release|x86.ActiveCfg = Release|Win32
		{403C6DE8-150B-4152-A58D-F3C894BCD9D0}.Release|x86.Build.0 = Release|Win32
		{0347173D-3579-4E9B-8CAB-B665A4E0D1F8}.Debug|x64.ActiveCfg = Debug|x64
		{0347173D-3579-4E9B-8CAB-B665A4E0D1F8}.Debug|x64.Build.0 = Debug|x64
		{0347173D-3579-4E9B-8CAB-B665A4E0D1F8}.Debug|x86.ActiveCfg = Debug|Win32
		{0347173D-3579-4E9B-8CAB-B665A4E0D1F8}.Debug|x86.Build.0 = Debug|Win32
		{0347173D-3579-4E9B-8CAB-B665A4E0D1F8}.Release|x64.ActiveCfg = Release|x64
		{0347173D-3579-4E9B-8CAB-B665A4E0D1F8}.Release|x64.Build.0 = Release|x64
		{0347173D-3579-4E9B-8CAB-B665A4E0D1F8}.Release|x86.ActiveCfg = Release|Win32
		{0347173D-3579-4E9B-8CAB-B665A4E0D1F8}.Release|x86.Build.0 = Release|Win32
		{230E87B4-D922-4AE0-BCC2-D62A33FD20C9}.Debug|x64.ActiveCfg = Debug|x64
		{230E87B4-D922-4AE0-BCC2-D62A33FD20C9}.Debug|x64.Build.0 = Debug|x64
		{230E87B4-D922-4AE0-BCC2-D62A33FD20C9}.Debug|x86.ActiveCfg = Debug|Win32
		{230E87B4-D922-4AE0-BCC2-D62A33FD20C9}.Debug|x86.Build.0 = Debug|Win32
		{230E87B4-D922-4AE0-BCC2-D62A33FD20C9}.Release|x64.ActiveCfg = Release|x64
		{230E87B4-D922-4AE0-BCC2-D62A33FD20C9}.Release|x64.Build.0 = Release|x64
		{230E87B4-D922-4AE0-BCC2-D62A33FD20C9}.Release|x86.ActiveCfg = Release|Win32
		{230E87B4-D922-4AE0-BCC2-D62A33FD20C9}.Release|x86.Build.0 = Release|Win32
		{55D5C7D9-F82B-407F-84B8-167F0407A203}.Debug|x64.ActiveCfg = Debug|x64
		{55D5C7D9-F82B-407F-84B8-167F0407A203}.Debug|x64.Build.0 = Debug|x64
		{55D5C7D9-F82B-407F-84B8-167F0407A203}.Debug|x86.ActiveCfg = Debug|Win32
		{55D5C7D9-F82B-407F-84B8-167F0407A203}.Debug|x86.Build.0 = Debug|Win32
		{55D5C7D9-F82B-407F-84B8-167F0407A203}.Release|x64.ActiveCfg = Release|x64
		{55D5C7D9-F82B-407F-84B8-167F0407A203}.Release|x64.Build.0 = Release|x64
		{55D5C7D9-F82B-407F-84B8-167F0407A203}.Release|x86.ActiveCfg = Release|Win32
		{55D5C7D9-F82B-407F-84B8-167F0407A203}.Release|x86.Build.0 = Release|Win32
	EndGlobalSection
	GlobalSection(SolutionProperties) = preSolution
		HideSolutionNode = FALSE
	EndGlobalSection
	GlobalSection(ExtensibilityGlobals) = postSolution
		SolutionGuid = {D0931327-DF81-4F7C-8CB6-FADF3CCA60C8}
	EndGlobalSection
EndGlobal
